// !$*UTF8*$!
{
	archiveVersion = 1;
	classes = {
	};
	objectVersion = 77;
	objects = {

/* Begin PBXBuildFile section */
		27C11DC82DAE083A00E755AD /* BearTube Extension.appex in Embed Foundation Extensions */ = {isa = PBXBuildFile; fileRef = 27C11DC72DAE083A00E755AD /* BearTube Extension.appex */; settings = {ATTRIBUTES = (RemoveHeadersOnCopy, ); }; };
		27C11DD22DAE083A00E755AD /* BearTube Extension.appex in Embed Foundation Extensions */ = {isa = PBXBuildFile; fileRef = 27C11DD12DAE083A00E755AD /* BearTube Extension.appex */; settings = {ATTRIBUTES = (RemoveHeadersOnCopy, ); }; };
/* End PBXBuildFile section */

/* Begin PBXContainerItemProxy section */
		27C11DC92DAE083A00E755AD /* PBXContainerItemProxy */ = {
			isa = PBXContainerItemProxy;
			containerPortal = 27C11D8D2DAE083900E755AD /* Project object */;
			proxyType = 1;
			remoteGlobalIDString = 27C11DC62DAE083A00E755AD;
			remoteInfo = "BearTube Extension (iOS)";
		};
		27C11DD32DAE083A00E755AD /* PBXContainerItemProxy */ = {
			isa = PBXContainerItemProxy;
			containerPortal = 27C11D8D2DAE083900E755AD /* Project object */;
			proxyType = 1;
			remoteGlobalIDString = 27C11DD02DAE083A00E755AD;
			remoteInfo = "BearTube Extension (macOS)";
		};
/* End PBXContainerItemProxy section */

/* Begin PBXCopyFilesBuildPhase section */
		27C11DFB2DAE083A00E755AD /* Embed Foundation Extensions */ = {
			isa = PBXCopyFilesBuildPhase;
			buildActionMask = 2147483647;
			dstPath = "";
			dstSubfolderSpec = 13;
			files = (
				27C11DC82DAE083A00E755AD /* BearTube Extension.appex in Embed Foundation Extensions */,
			);
			name = "Embed Foundation Extensions";
			runOnlyForDeploymentPostprocessing = 0;
		};
		27C11E052DAE083A00E755AD /* Embed Foundation Extensions */ = {
			isa = PBXCopyFilesBuildPhase;
			buildActionMask = 2147483647;
			dstPath = "";
			dstSubfolderSpec = 13;
			files = (
				27C11DD22DAE083A00E755AD /* BearTube Extension.appex in Embed Foundation Extensions */,
			);
			name = "Embed Foundation Extensions";
			runOnlyForDeploymentPostprocessing = 0;
		};
/* End PBXCopyFilesBuildPhase section */

/* Begin PBXFileReference section */
		27C11DA92DAE083A00E755AD /* BearTube.app */ = {isa = PBXFileReference; explicitFileType = wrapper.application; includeInIndex = 0; path = BearTube.app; sourceTree = BUILT_PRODUCTS_DIR; };
		27C11DBB2DAE083A00E755AD /* BearTube.app */ = {isa = PBXFileReference; explicitFileType = wrapper.application; includeInIndex = 0; path = BearTube.app; sourceTree = BUILT_PRODUCTS_DIR; };
		27C11DC72DAE083A00E755AD /* BearTube Extension.appex */ = {isa = PBXFileReference; explicitFileType = "wrapper.app-extension"; includeInIndex = 0; path = "BearTube Extension.appex"; sourceTree = BUILT_PRODUCTS_DIR; };
		27C11DD12DAE083A00E755AD /* BearTube Extension.appex */ = {isa = PBXFileReference; explicitFileType = "wrapper.app-extension"; includeInIndex = 0; path = "BearTube Extension.appex"; sourceTree = BUILT_PRODUCTS_DIR; };
/* End PBXFileReference section */

/* Begin PBXFileSystemSynchronizedBuildFileExceptionSet section */
		27C11DF62DAE083A00E755AD /* Exceptions for "Shared (App)" folder in "BearTube (iOS)" target */ = {
			isa = PBXFileSystemSynchronizedBuildFileExceptionSet;
			membershipExceptions = (
				"/Localized: Resources/Main.html",
				Assets.xcassets,
				Resources/Icon.svg,
				Resources/Script.js,
				Resources/Style.css,
				ViewController.swift,
			);
			target = 27C11DA82DAE083A00E755AD /* BearTube (iOS) */;
		};
		27C11DFA2DAE083A00E755AD /* Exceptions for "iOS (Extension)" folder in "BearTube Extension (iOS)" target */ = {
			isa = PBXFileSystemSynchronizedBuildFileExceptionSet;
			membershipExceptions = (
				Info.plist,
			);
			target = 27C11DC62DAE083A00E755AD /* BearTube Extension (iOS) */;
		};
		27C11DFF2DAE083A00E755AD /* Exceptions for "iOS (App)" folder in "BearTube (iOS)" target */ = {
			isa = PBXFileSystemSynchronizedBuildFileExceptionSet;
			membershipExceptions = (
				Info.plist,
			);
			target = 27C11DA82DAE083A00E755AD /* BearTube (iOS) */;
		};
		27C11E002DAE083A00E755AD /* Exceptions for "Shared (App)" folder in "BearTube (macOS)" target */ = {
			isa = PBXFileSystemSynchronizedBuildFileExceptionSet;
			membershipExceptions = (
				"/Localized: Resources/Main.html",
				Assets.xcassets,
				Resources/Icon.svg,
				Resources/Script.js,
				Resources/Style.css,
				ViewController.swift,
			);
			target = 27C11DBA2DAE083A00E755AD /* BearTube (macOS) */;
		};
		27C11E042DAE083A00E755AD /* Exceptions for "macOS (Extension)" folder in "BearTube Extension (macOS)" target */ = {
			isa = PBXFileSystemSynchronizedBuildFileExceptionSet;
			membershipExceptions = (
				Info.plist,
			);
			target = 27C11DD02DAE083A00E755AD /* BearTube Extension (macOS) */;
		};
		27C11E092DAE083A00E755AD /* Exceptions for "Shared (Extension)" folder in "BearTube Extension (iOS)" target */ = {
			isa = PBXFileSystemSynchronizedBuildFileExceptionSet;
			membershipExceptions = (
				Resources/_locales,
				Resources/background.js,
				Resources/content.js,
				Resources/images,
				Resources/manifest.json,
				SafariWebExtensionHandler.swift,
			);
			target = 27C11DC62DAE083A00E755AD /* BearTube Extension (iOS) */;
		};
		27C11E0A2DAE083A00E755AD /* Exceptions for "Shared (Extension)" folder in "BearTube Extension (macOS)" target */ = {
			isa = PBXFileSystemSynchronizedBuildFileExceptionSet;
			membershipExceptions = (
				Resources/_locales,
				Resources/background.js,
				Resources/content.js,
				Resources/images,
				Resources/manifest.json,
				SafariWebExtensionHandler.swift,
			);
			target = 27C11DD02DAE083A00E755AD /* BearTube Extension (macOS) */;
		};
/* End PBXFileSystemSynchronizedBuildFileExceptionSet section */

/* Begin PBXFileSystemSynchronizedRootGroup section */
		27C11D912DAE083900E755AD /* Shared (App) */ = {
			isa = PBXFileSystemSynchronizedRootGroup;
			exceptions = (
				27C11DF62DAE083A00E755AD /* Exceptions for "Shared (App)" folder in "BearTube (iOS)" target */,
				27C11E002DAE083A00E755AD /* Exceptions for "Shared (App)" folder in "BearTube (macOS)" target */,
			);
			path = "Shared (App)";
			sourceTree = "<group>";
		};
		27C11D9A2DAE083A00E755AD /* Shared (Extension) */ = {
			isa = PBXFileSystemSynchronizedRootGroup;
			exceptions = (
				27C11E092DAE083A00E755AD /* Exceptions for "Shared (Extension)" folder in "BearTube Extension (iOS)" target */,
				27C11E0A2DAE083A00E755AD /* Exceptions for "Shared (Extension)" folder in "BearTube Extension (macOS)" target */,
			);
			explicitFolders = (
				Resources/_locales,
				Resources/images,
			);
			path = "Shared (Extension)";
			sourceTree = "<group>";
		};
		27C11DAB2DAE083A00E755AD /* iOS (App) */ = {
			isa = PBXFileSystemSynchronizedRootGroup;
			exceptions = (
				27C11DFF2DAE083A00E755AD /* Exceptions for "iOS (App)" folder in "BearTube (iOS)" target */,
			);
			path = "iOS (App)";
			sourceTree = "<group>";
		};
		27C11DBC2DAE083A00E755AD /* macOS (App) */ = {
			isa = PBXFileSystemSynchronizedRootGroup;
			path = "macOS (App)";
			sourceTree = "<group>";
		};
		27C11DCB2DAE083A00E755AD /* iOS (Extension) */ = {
			isa = PBXFileSystemSynchronizedRootGroup;
			exceptions = (
				27C11DFA2DAE083A00E755AD /* Exceptions for "iOS (Extension)" folder in "BearTube Extension (iOS)" target */,
			);
			path = "iOS (Extension)";
			sourceTree = "<group>";
		};
		27C11DD52DAE083A00E755AD /* macOS (Extension) */ = {
			isa = PBXFileSystemSynchronizedRootGroup;
			exceptions = (
				27C11E042DAE083A00E755AD /* Exceptions for "macOS (Extension)" folder in "BearTube Extension (macOS)" target */,
			);
			path = "macOS (Extension)";
			sourceTree = "<group>";
		};
/* End PBXFileSystemSynchronizedRootGroup section */

/* Begin PBXFrameworksBuildPhase section */
		27C11DA62DAE083A00E755AD /* Frameworks */ = {
			isa = PBXFrameworksBuildPhase;
			buildActionMask = 2147483647;
			files = (
			);
			runOnlyForDeploymentPostprocessing = 0;
		};
		27C11DB82DAE083A00E755AD /* Frameworks */ = {
			isa = PBXFrameworksBuildPhase;
			buildActionMask = 2147483647;
			files = (
			);
			runOnlyForDeploymentPostprocessing = 0;
		};
		27C11DC42DAE083A00E755AD /* Frameworks */ = {
			isa = PBXFrameworksBuildPhase;
			buildActionMask = 2147483647;
			files = (
			);
			runOnlyForDeploymentPostprocessing = 0;
		};
		27C11DCE2DAE083A00E755AD /* Frameworks */ = {
			isa = PBXFrameworksBuildPhase;
			buildActionMask = 2147483647;
			files = (
			);
			runOnlyForDeploymentPostprocessing = 0;
		};
/* End PBXFrameworksBuildPhase section */

/* Begin PBXGroup section */
		27C11D8C2DAE083900E755AD = {
			isa = PBXGroup;
			children = (
				27C11D912DAE083900E755AD /* Shared (App) */,
				27C11D9A2DAE083A00E755AD /* Shared (Extension) */,
				27C11DAB2DAE083A00E755AD /* iOS (App) */,
				27C11DBC2DAE083A00E755AD /* macOS (App) */,
				27C11DCB2DAE083A00E755AD /* iOS (Extension) */,
				27C11DD52DAE083A00E755AD /* macOS (Extension) */,
				27C11DAA2DAE083A00E755AD /* Products */,
			);
			sourceTree = "<group>";
		};
		27C11DAA2DAE083A00E755AD /* Products */ = {
			isa = PBXGroup;
			children = (
				27C11DA92DAE083A00E755AD /* BearTube.app */,
				27C11DBB2DAE083A00E755AD /* BearTube.app */,
				27C11DC72DAE083A00E755AD /* BearTube Extension.appex */,
				27C11DD12DAE083A00E755AD /* BearTube Extension.appex */,
			);
			name = Products;
			sourceTree = "<group>";
		};
/* End PBXGroup section */

/* Begin PBXNativeTarget section */
		27C11DA82DAE083A00E755AD /* BearTube (iOS) */ = {
			isa = PBXNativeTarget;
			buildConfigurationList = 27C11DFC2DAE083A00E755AD /* Build configuration list for PBXNativeTarget "BearTube (iOS)" */;
			buildPhases = (
				27C11DA52DAE083A00E755AD /* Sources */,
				27C11DA62DAE083A00E755AD /* Frameworks */,
				27C11DA72DAE083A00E755AD /* Resources */,
				27C11DFB2DAE083A00E755AD /* Embed Foundation Extensions */,
			);
			buildRules = (
			);
			dependencies = (
				27C11DCA2DAE083A00E755AD /* PBXTargetDependency */,
			);
			fileSystemSynchronizedGroups = (
				27C11DAB2DAE083A00E755AD /* iOS (App) */,
			);
			name = "BearTube (iOS)";
			packageProductDependencies = (
			);
			productName = "BearTube (iOS)";
			productReference = 27C11DA92DAE083A00E755AD /* BearTube.app */;
			productType = "com.apple.product-type.application";
		};
		27C11DBA2DAE083A00E755AD /* BearTube (macOS) */ = {
			isa = PBXNativeTarget;
			buildConfigurationList = 27C11E062DAE083A00E755AD /* Build configuration list for PBXNativeTarget "BearTube (macOS)" */;
			buildPhases = (
				27C11DB72DAE083A00E755AD /* Sources */,
				27C11DB82DAE083A00E755AD /* Frameworks */,
				27C11DB92DAE083A00E755AD /* Resources */,
				27C11E052DAE083A00E755AD /* Embed Foundation Extensions */,
			);
			buildRules = (
			);
			dependencies = (
				27C11DD42DAE083A00E755AD /* PBXTargetDependency */,
			);
			fileSystemSynchronizedGroups = (
				27C11DBC2DAE083A00E755AD /* macOS (App) */,
			);
			name = "BearTube (macOS)";
			packageProductDependencies = (
			);
			productName = "BearTube (macOS)";
			productReference = 27C11DBB2DAE083A00E755AD /* BearTube.app */;
			productType = "com.apple.product-type.application";
		};
		27C11DC62DAE083A00E755AD /* BearTube Extension (iOS) */ = {
			isa = PBXNativeTarget;
			buildConfigurationList = 27C11DF72DAE083A00E755AD /* Build configuration list for PBXNativeTarget "BearTube Extension (iOS)" */;
			buildPhases = (
				27C11DC32DAE083A00E755AD /* Sources */,
				27C11DC42DAE083A00E755AD /* Frameworks */,
				27C11DC52DAE083A00E755AD /* Resources */,
			);
			buildRules = (
			);
			dependencies = (
			);
			fileSystemSynchronizedGroups = (
				27C11DCB2DAE083A00E755AD /* iOS (Extension) */,
			);
			name = "BearTube Extension (iOS)";
			packageProductDependencies = (
			);
			productName = "BearTube Extension (iOS)";
			productReference = 27C11DC72DAE083A00E755AD /* BearTube Extension.appex */;
			productType = "com.apple.product-type.app-extension";
		};
		27C11DD02DAE083A00E755AD /* BearTube Extension (macOS) */ = {
			isa = PBXNativeTarget;
			buildConfigurationList = 27C11E012DAE083A00E755AD /* Build configuration list for PBXNativeTarget "BearTube Extension (macOS)" */;
			buildPhases = (
				27C11DCD2DAE083A00E755AD /* Sources */,
				27C11DCE2DAE083A00E755AD /* Frameworks */,
				27C11DCF2DAE083A00E755AD /* Resources */,
			);
			buildRules = (
			);
			dependencies = (
			);
			fileSystemSynchronizedGroups = (
				27C11DD52DAE083A00E755AD /* macOS (Extension) */,
			);
			name = "BearTube Extension (macOS)";
			packageProductDependencies = (
			);
			productName = "BearTube Extension (macOS)";
			productReference = 27C11DD12DAE083A00E755AD /* BearTube Extension.appex */;
			productType = "com.apple.product-type.app-extension";
		};
/* End PBXNativeTarget section */

/* Begin PBXProject section */
		27C11D8D2DAE083900E755AD /* Project object */ = {
			isa = PBXProject;
			attributes = {
				BuildIndependentTargetsInParallel = 1;
				LastSwiftUpdateCheck = 1620;
				LastUpgradeCheck = 1620;
				TargetAttributes = {
					27C11DA82DAE083A00E755AD = {
						CreatedOnToolsVersion = 16.2;
					};
					27C11DBA2DAE083A00E755AD = {
						CreatedOnToolsVersion = 16.2;
					};
					27C11DC62DAE083A00E755AD = {
						CreatedOnToolsVersion = 16.2;
					};
					27C11DD02DAE083A00E755AD = {
						CreatedOnToolsVersion = 16.2;
					};
				};
			};
			buildConfigurationList = 27C11D902DAE083900E755AD /* Build configuration list for PBXProject "BearTube" */;
			developmentRegion = en;
			hasScannedForEncodings = 0;
			knownRegions = (
				en,
				Base,
			);
			mainGroup = 27C11D8C2DAE083900E755AD;
			minimizedProjectReferenceProxies = 1;
			preferredProjectObjectVersion = 77;
			productRefGroup = 27C11DAA2DAE083A00E755AD /* Products */;
			projectDirPath = "";
			projectRoot = "";
			targets = (
				27C11DA82DAE083A00E755AD /* BearTube (iOS) */,
				27C11DBA2DAE083A00E755AD /* BearTube (macOS) */,
				27C11DC62DAE083A00E755AD /* BearTube Extension (iOS) */,
				27C11DD02DAE083A00E755AD /* BearTube Extension (macOS) */,
			);
		};
/* End PBXProject section */

/* Begin PBXResourcesBuildPhase section */
		27C11DA72DAE083A00E755AD /* Resources */ = {
			isa = PBXResourcesBuildPhase;
			buildActionMask = 2147483647;
			files = (
			);
			runOnlyForDeploymentPostprocessing = 0;
		};
		27C11DB92DAE083A00E755AD /* Resources */ = {
			isa = PBXResourcesBuildPhase;
			buildActionMask = 2147483647;
			files = (
			);
			runOnlyForDeploymentPostprocessing = 0;
		};
		27C11DC52DAE083A00E755AD /* Resources */ = {
			isa = PBXResourcesBuildPhase;
			buildActionMask = 2147483647;
			files = (
			);
			runOnlyForDeploymentPostprocessing = 0;
		};
		27C11DCF2DAE083A00E755AD /* Resources */ = {
			isa = PBXResourcesBuildPhase;
			buildActionMask = 2147483647;
			files = (
			);
			runOnlyForDeploymentPostprocessing = 0;
		};
/* End PBXResourcesBuildPhase section */

/* Begin PBXSourcesBuildPhase section */
		27C11DA52DAE083A00E755AD /* Sources */ = {
			isa = PBXSourcesBuildPhase;
			buildActionMask = 2147483647;
			files = (
			);
			runOnlyForDeploymentPostprocessing = 0;
		};
		27C11DB72DAE083A00E755AD /* Sources */ = {
			isa = PBXSourcesBuildPhase;
			buildActionMask = 2147483647;
			files = (
			);
			runOnlyForDeploymentPostprocessing = 0;
		};
		27C11DC32DAE083A00E755AD /* Sources */ = {
			isa = PBXSourcesBuildPhase;
			buildActionMask = 2147483647;
			files = (
			);
			runOnlyForDeploymentPostprocessing = 0;
		};
		27C11DCD2DAE083A00E755AD /* Sources */ = {
			isa = PBXSourcesBuildPhase;
			buildActionMask = 2147483647;
			files = (
			);
			runOnlyForDeploymentPostprocessing = 0;
		};
/* End PBXSourcesBuildPhase section */

/* Begin PBXTargetDependency section */
		27C11DCA2DAE083A00E755AD /* PBXTargetDependency */ = {
			isa = PBXTargetDependency;
			target = 27C11DC62DAE083A00E755AD /* BearTube Extension (iOS) */;
			targetProxy = 27C11DC92DAE083A00E755AD /* PBXContainerItemProxy */;
		};
		27C11DD42DAE083A00E755AD /* PBXTargetDependency */ = {
			isa = PBXTargetDependency;
			target = 27C11DD02DAE083A00E755AD /* BearTube Extension (macOS) */;
			targetProxy = 27C11DD32DAE083A00E755AD /* PBXContainerItemProxy */;
		};
/* End PBXTargetDependency section */

/* Begin XCBuildConfiguration section */
		27C11DF82DAE083A00E755AD /* Debug */ = {
			isa = XCBuildConfiguration;
			buildSettings = {
				CODE_SIGN_STYLE = Automatic;
				CURRENT_PROJECT_VERSION = 1;
				DEVELOPMENT_TEAM = K95PCKP5T4;
				GENERATE_INFOPLIST_FILE = YES;
				INFOPLIST_FILE = "iOS (Extension)/Info.plist";
				INFOPLIST_KEY_CFBundleDisplayName = "BearTube Extension";
				INFOPLIST_KEY_NSHumanReadableCopyright = "";
				IPHONEOS_DEPLOYMENT_TARGET = 15.0;
				LD_RUNPATH_SEARCH_PATHS = (
					"$(inherited)",
					"@executable_path/Frameworks",
					"@executable_path/../../Frameworks",
				);
				MARKETING_VERSION = 1.1.0;
				OTHER_LDFLAGS = (
					"-framework",
					SafariServices,
				);
				PRODUCT_BUNDLE_IDENTIFIER = com.hiredgoons.BearTube.Extension;
				PRODUCT_NAME = "BearTube Extension";
				SDKROOT = iphoneos;
				SKIP_INSTALL = YES;
				SWIFT_EMIT_LOC_STRINGS = YES;
				SWIFT_VERSION = 5.0;
				TARGETED_DEVICE_FAMILY = "1,2";
			};
			name = Debug;
		};
		27C11DF92DAE083A00E755AD /* Release */ = {
			isa = XCBuildConfiguration;
			buildSettings = {
				CODE_SIGN_STYLE = Automatic;
				CURRENT_PROJECT_VERSION = 1;
				DEVELOPMENT_TEAM = K95PCKP5T4;
				GENERATE_INFOPLIST_FILE = YES;
				INFOPLIST_FILE = "iOS (Extension)/Info.plist";
				INFOPLIST_KEY_CFBundleDisplayName = "BearTube Extension";
				INFOPLIST_KEY_NSHumanReadableCopyright = "";
				IPHONEOS_DEPLOYMENT_TARGET = 15.0;
				LD_RUNPATH_SEARCH_PATHS = (
					"$(inherited)",
					"@executable_path/Frameworks",
					"@executable_path/../../Frameworks",
				);
				MARKETING_VERSION = 1.1.0;
				OTHER_LDFLAGS = (
					"-framework",
					SafariServices,
				);
				PRODUCT_BUNDLE_IDENTIFIER = com.hiredgoons.BearTube.Extension;
				PRODUCT_NAME = "BearTube Extension";
				SDKROOT = iphoneos;
				SKIP_INSTALL = YES;
				SWIFT_EMIT_LOC_STRINGS = YES;
				SWIFT_VERSION = 5.0;
				TARGETED_DEVICE_FAMILY = "1,2";
				VALIDATE_PRODUCT = YES;
			};
			name = Release;
		};
		27C11DFD2DAE083A00E755AD /* Debug */ = {
			isa = XCBuildConfiguration;
			buildSettings = {
				ASSETCATALOG_COMPILER_APPICON_NAME = AppIcon;
				ASSETCATALOG_COMPILER_GLOBAL_ACCENT_COLOR_NAME = AccentColor;
				CODE_SIGN_STYLE = Automatic;
				CURRENT_PROJECT_VERSION = 1;
				DEVELOPMENT_TEAM = K95PCKP5T4;
				GENERATE_INFOPLIST_FILE = YES;
				INFOPLIST_FILE = "iOS (App)/Info.plist";
				INFOPLIST_KEY_CFBundleDisplayName = BearTube;
				INFOPLIST_KEY_UIApplicationSupportsIndirectInputEvents = YES;
				INFOPLIST_KEY_UILaunchStoryboardName = LaunchScreen;
				INFOPLIST_KEY_UIMainStoryboardFile = Main;
				INFOPLIST_KEY_UISupportedInterfaceOrientations = "UIInterfaceOrientationPortrait UIInterfaceOrientationLandscapeLeft UIInterfaceOrientationLandscapeRight";
				INFOPLIST_KEY_UISupportedInterfaceOrientations_iPad = "UIInterfaceOrientationPortrait UIInterfaceOrientationPortraitUpsideDown UIInterfaceOrientationLandscapeLeft UIInterfaceOrientationLandscapeRight";
				IPHONEOS_DEPLOYMENT_TARGET = 15.0;
				LD_RUNPATH_SEARCH_PATHS = (
					"$(inherited)",
					"@executable_path/Frameworks",
				);
				MARKETING_VERSION = 1.1.0;
				OTHER_LDFLAGS = (
					"-framework",
					SafariServices,
					"-framework",
					WebKit,
				);
				PRODUCT_BUNDLE_IDENTIFIER = com.hiredgoons.BearTube;
				PRODUCT_NAME = BearTube;
				SDKROOT = iphoneos;
				SWIFT_EMIT_LOC_STRINGS = YES;
				SWIFT_VERSION = 5.0;
				TARGETED_DEVICE_FAMILY = "1,2";
			};
			name = Debug;
		};
		27C11DFE2DAE083A00E755AD /* Release */ = {
			isa = XCBuildConfiguration;
			buildSettings = {
				ASSETCATALOG_COMPILER_APPICON_NAME = AppIcon;
				ASSETCATALOG_COMPILER_GLOBAL_ACCENT_COLOR_NAME = AccentColor;
				CODE_SIGN_STYLE = Automatic;
				CURRENT_PROJECT_VERSION = 1;
				DEVELOPMENT_TEAM = K95PCKP5T4;
				GENERATE_INFOPLIST_FILE = YES;
				INFOPLIST_FILE = "iOS (App)/Info.plist";
				INFOPLIST_KEY_CFBundleDisplayName = BearTube;
				INFOPLIST_KEY_UIApplicationSupportsIndirectInputEvents = YES;
				INFOPLIST_KEY_UILaunchStoryboardName = LaunchScreen;
				INFOPLIST_KEY_UIMainStoryboardFile = Main;
				INFOPLIST_KEY_UISupportedInterfaceOrientations = "UIInterfaceOrientationPortrait UIInterfaceOrientationLandscapeLeft UIInterfaceOrientationLandscapeRight";
				INFOPLIST_KEY_UISupportedInterfaceOrientations_iPad = "UIInterfaceOrientationPortrait UIInterfaceOrientationPortraitUpsideDown UIInterfaceOrientationLandscapeLeft UIInterfaceOrientationLandscapeRight";
				IPHONEOS_DEPLOYMENT_TARGET = 15.0;
				LD_RUNPATH_SEARCH_PATHS = (
					"$(inherited)",
					"@executable_path/Frameworks",
				);
				MARKETING_VERSION = 1.1.0;
				OTHER_LDFLAGS = (
					"-framework",
					SafariServices,
					"-framework",
					WebKit,
				);
				PRODUCT_BUNDLE_IDENTIFIER = com.hiredgoons.BearTube;
				PRODUCT_NAME = BearTube;
				SDKROOT = iphoneos;
				SWIFT_EMIT_LOC_STRINGS = YES;
				SWIFT_VERSION = 5.0;
				TARGETED_DEVICE_FAMILY = "1,2";
				VALIDATE_PRODUCT = YES;
			};
			name = Release;
		};
		27C11E022DAE083A00E755AD /* Debug */ = {
			isa = XCBuildConfiguration;
			buildSettings = {
				CODE_SIGN_ENTITLEMENTS = "macOS (Extension)/BearTube.entitlements";
				CODE_SIGN_STYLE = Automatic;
				CURRENT_PROJECT_VERSION = 1;
				DEVELOPMENT_TEAM = K95PCKP5T4;
				ENABLE_HARDENED_RUNTIME = YES;
				GENERATE_INFOPLIST_FILE = YES;
				INFOPLIST_FILE = "macOS (Extension)/Info.plist";
				INFOPLIST_KEY_CFBundleDisplayName = "BearTube Extension";
				INFOPLIST_KEY_NSHumanReadableCopyright = "";
				LD_RUNPATH_SEARCH_PATHS = (
					"$(inherited)",
					"@executable_path/../Frameworks",
					"@executable_path/../../../../Frameworks",
				);
				MACOSX_DEPLOYMENT_TARGET = 10.14;
				MARKETING_VERSION = 1.1.0;
				OTHER_LDFLAGS = (
					"-framework",
					SafariServices,
				);
				PRODUCT_BUNDLE_IDENTIFIER = com.hiredgoons.BearTube.Extension;
				PRODUCT_NAME = "BearTube Extension";
				SDKROOT = macosx;
				SKIP_INSTALL = YES;
				SWIFT_EMIT_LOC_STRINGS = YES;
				SWIFT_VERSION = 5.0;
			};
			name = Debug;
		};
		27C11E032DAE083A00E755AD /* Release */ = {
			isa = XCBuildConfiguration;
			buildSettings = {
				CODE_SIGN_ENTITLEMENTS = "macOS (Extension)/BearTube.entitlements";
				CODE_SIGN_STYLE = Automatic;
				CURRENT_PROJECT_VERSION = 1;
				DEVELOPMENT_TEAM = K95PCKP5T4;
				ENABLE_HARDENED_RUNTIME = YES;
				GENERATE_INFOPLIST_FILE = YES;
				INFOPLIST_FILE = "macOS (Extension)/Info.plist";
				INFOPLIST_KEY_CFBundleDisplayName = "BearTube Extension";
				INFOPLIST_KEY_NSHumanReadableCopyright = "";
				LD_RUNPATH_SEARCH_PATHS = (
					"$(inherited)",
					"@executable_path/../Frameworks",
					"@executable_path/../../../../Frameworks",
				);
				MACOSX_DEPLOYMENT_TARGET = 10.14;
				MARKETING_VERSION = 1.1.0;
				OTHER_LDFLAGS = (
					"-framework",
					SafariServices,
				);
				PRODUCT_BUNDLE_IDENTIFIER = com.hiredgoons.BearTube.Extension;
				PRODUCT_NAME = "BearTube Extension";
				SDKROOT = macosx;
				SKIP_INSTALL = YES;
				SWIFT_EMIT_LOC_STRINGS = YES;
				SWIFT_VERSION = 5.0;
			};
			name = Release;
		};
		27C11E072DAE083A00E755AD /* Debug */ = {
			isa = XCBuildConfiguration;
			buildSettings = {
				ASSETCATALOG_COMPILER_APPICON_NAME = AppIcon;
				ASSETCATALOG_COMPILER_GLOBAL_ACCENT_COLOR_NAME = AccentColor;
				CODE_SIGN_ENTITLEMENTS = "macOS (App)/BearTube.entitlements";
				CODE_SIGN_STYLE = Automatic;
				CURRENT_PROJECT_VERSION = 1;
				DEVELOPMENT_TEAM = K95PCKP5T4;
				ENABLE_HARDENED_RUNTIME = YES;
				GENERATE_INFOPLIST_FILE = YES;
				INFOPLIST_KEY_CFBundleDisplayName = BearTube;
				INFOPLIST_KEY_NSMainStoryboardFile = Main;
				INFOPLIST_KEY_NSPrincipalClass = NSApplication;
				LD_RUNPATH_SEARCH_PATHS = (
					"$(inherited)",
					"@executable_path/../Frameworks",
				);
				MACOSX_DEPLOYMENT_TARGET = 10.14;
				MARKETING_VERSION = 1.1.0;
				OTHER_LDFLAGS = (
					"-framework",
					SafariServices,
					"-framework",
					WebKit,
				);
				PRODUCT_BUNDLE_IDENTIFIER = com.hiredgoons.BearTube;
				PRODUCT_NAME = BearTube;
				SDKROOT = macosx;
				SWIFT_EMIT_LOC_STRINGS = YES;
				SWIFT_VERSION = 5.0;
			};
			name = Debug;
		};
		27C11E082DAE083A00E755AD /* Release */ = {
			isa = XCBuildConfiguration;
			buildSettings = {
				ASSETCATALOG_COMPILER_APPICON_NAME = AppIcon;
				ASSETCATALOG_COMPILER_GLOBAL_ACCENT_COLOR_NAME = AccentColor;
				CODE_SIGN_ENTITLEMENTS = "macOS (App)/BearTube.entitlements";
				CODE_SIGN_STYLE = Automatic;
				CURRENT_PROJECT_VERSION = 1;
				DEVELOPMENT_TEAM = K95PCKP5T4;
				ENABLE_HARDENED_RUNTIME = YES;
				GENERATE_INFOPLIST_FILE = YES;
				INFOPLIST_KEY_CFBundleDisplayName = BearTube;
				INFOPLIST_KEY_NSMainStoryboardFile = Main;
				INFOPLIST_KEY_NSPrincipalClass = NSApplication;
				LD_RUNPATH_SEARCH_PATHS = (
					"$(inherited)",
					"@executable_path/../Frameworks",
				);
				MACOSX_DEPLOYMENT_TARGET = 10.14;
				MARKETING_VERSION = 1.1.0;
				OTHER_LDFLAGS = (
					"-framework",
					SafariServices,
					"-framework",
					WebKit,
				);
				PRODUCT_BUNDLE_IDENTIFIER = com.hiredgoons.BearTube;
				PRODUCT_NAME = BearTube;
				SDKROOT = macosx;
				SWIFT_EMIT_LOC_STRINGS = YES;
				SWIFT_VERSION = 5.0;
			};
			name = Release;
		};
		27C11E0B2DAE083A00E755AD /* Debug */ = {
			isa = XCBuildConfiguration;
			buildSettings = {
				ALWAYS_SEARCH_USER_PATHS = NO;
				ASSETCATALOG_COMPILER_GENERATE_SWIFT_ASSET_SYMBOL_EXTENSIONS = YES;
				CLANG_ANALYZER_NONNULL = YES;
				CLANG_ANALYZER_NUMBER_OBJECT_CONVERSION = YES_AGGRESSIVE;
				CLANG_CXX_LANGUAGE_STANDARD = "gnu++20";
				CLANG_ENABLE_MODULES = YES;
				CLANG_ENABLE_OBJC_ARC = YES;
				CLANG_ENABLE_OBJC_WEAK = YES;
				CLANG_WARN_BLOCK_CAPTURE_AUTORELEASING = YES;
				CLANG_WARN_BOOL_CONVERSION = YES;
				CLANG_WARN_COMMA = YES;
				CLANG_WARN_CONSTANT_CONVERSION = YES;
				CLANG_WARN_DEPRECATED_OBJC_IMPLEMENTATIONS = YES;
				CLANG_WARN_DIRECT_OBJC_ISA_USAGE = YES_ERROR;
				CLANG_WARN_DOCUMENTATION_COMMENTS = YES;
				CLANG_WARN_EMPTY_BODY = YES;
				CLANG_WARN_ENUM_CONVERSION = YES;
				CLANG_WARN_INFINITE_RECURSION = YES;
				CLANG_WARN_INT_CONVERSION = YES;
				CLANG_WARN_NON_LITERAL_NULL_CONVERSION = YES;
				CLANG_WARN_OBJC_IMPLICIT_RETAIN_SELF = YES;
				CLANG_WARN_OBJC_LITERAL_CONVERSION = YES;
				CLANG_WARN_OBJC_ROOT_CLASS = YES_ERROR;
				CLANG_WARN_QUOTED_INCLUDE_IN_FRAMEWORK_HEADER = YES;
				CLANG_WARN_RANGE_LOOP_ANALYSIS = YES;
				CLANG_WARN_STRICT_PROTOTYPES = YES;
				CLANG_WARN_SUSPICIOUS_MOVE = YES;
				CLANG_WARN_UNGUARDED_AVAILABILITY = YES_AGGRESSIVE;
				CLANG_WARN_UNREACHABLE_CODE = YES;
				CLANG_WARN__DUPLICATE_METHOD_MATCH = YES;
				COPY_PHASE_STRIP = NO;
				DEBUG_INFORMATION_FORMAT = dwarf;
				ENABLE_STRICT_OBJC_MSGSEND = YES;
				ENABLE_TESTABILITY = YES;
				ENABLE_USER_SCRIPT_SANDBOXING = YES;
				GCC_C_LANGUAGE_STANDARD = gnu17;
				GCC_DYNAMIC_NO_PIC = NO;
				GCC_NO_COMMON_BLOCKS = YES;
				GCC_OPTIMIZATION_LEVEL = 0;
				GCC_PREPROCESSOR_DEFINITIONS = (
					"DEBUG=1",
					"$(inherited)",
				);
				GCC_WARN_64_TO_32_BIT_CONVERSION = YES;
				GCC_WARN_ABOUT_RETURN_TYPE = YES_ERROR;
				GCC_WARN_UNDECLARED_SELECTOR = YES;
				GCC_WARN_UNINITIALIZED_AUTOS = YES_AGGRESSIVE;
				GCC_WARN_UNUSED_FUNCTION = YES;
				GCC_WARN_UNUSED_VARIABLE = YES;
				LOCALIZATION_PREFERS_STRING_CATALOGS = YES;
				MTL_ENABLE_DEBUG_INFO = INCLUDE_SOURCE;
				MTL_FAST_MATH = YES;
				ONLY_ACTIVE_ARCH = YES;
				SWIFT_ACTIVE_COMPILATION_CONDITIONS = "DEBUG $(inherited)";
				SWIFT_OPTIMIZATION_LEVEL = "-Onone";
			};
			name = Debug;
		};
		27C11E0C2DAE083A00E755AD /* Release */ = {
			isa = XCBuildConfiguration;
			buildSettings = {
				ALWAYS_SEARCH_USER_PATHS = NO;
				ASSETCATALOG_COMPILER_GENERATE_SWIFT_ASSET_SYMBOL_EXTENSIONS = YES;
				CLANG_ANALYZER_NONNULL = YES;
				CLANG_ANALYZER_NUMBER_OBJECT_CONVERSION = YES_AGGRESSIVE;
				CLANG_CXX_LANGUAGE_STANDARD = "gnu++20";
				CLANG_ENABLE_MODULES = YES;
				CLANG_ENABLE_OBJC_ARC = YES;
				CLANG_ENABLE_OBJC_WEAK = YES;
				CLANG_WARN_BLOCK_CAPTURE_AUTORELEASING = YES;
				CLANG_WARN_BOOL_CONVERSION = YES;
				CLANG_WARN_COMMA = YES;
				CLANG_WARN_CONSTANT_CONVERSION = YES;
				CLANG_WARN_DEPRECATED_OBJC_IMPLEMENTATIONS = YES;
				CLANG_WARN_DIRECT_OBJC_ISA_USAGE = YES_ERROR;
				CLANG_WARN_DOCUMENTATION_COMMENTS = YES;
				CLANG_WARN_EMPTY_BODY = YES;
				CLANG_WARN_ENUM_CONVERSION = YES;
				CLANG_WARN_INFINITE_RECURSION = YES;
				CLANG_WARN_INT_CONVERSION = YES;
				CLANG_WARN_NON_LITERAL_NULL_CONVERSION = YES;
				CLANG_WARN_OBJC_IMPLICIT_RETAIN_SELF = YES;
				CLANG_WARN_OBJC_LITERAL_CONVERSION = YES;
				CLANG_WARN_OBJC_ROOT_CLASS = YES_ERROR;
				CLANG_WARN_QUOTED_INCLUDE_IN_FRAMEWORK_HEADER = YES;
				CLANG_WARN_RANGE_LOOP_ANALYSIS = YES;
				CLANG_WARN_STRICT_PROTOTYPES = YES;
				CLANG_WARN_SUSPICIOUS_MOVE = YES;
				CLANG_WARN_UNGUARDED_AVAILABILITY = YES_AGGRESSIVE;
				CLANG_WARN_UNREACHABLE_CODE = YES;
				CLANG_WARN__DUPLICATE_METHOD_MATCH = YES;
				COPY_PHASE_STRIP = NO;
				DEBUG_INFORMATION_FORMAT = "dwarf-with-dsym";
				ENABLE_NS_ASSERTIONS = NO;
				ENABLE_STRICT_OBJC_MSGSEND = YES;
				ENABLE_USER_SCRIPT_SANDBOXING = YES;
				GCC_C_LANGUAGE_STANDARD = gnu17;
				GCC_NO_COMMON_BLOCKS = YES;
				GCC_WARN_64_TO_32_BIT_CONVERSION = YES;
				GCC_WARN_ABOUT_RETURN_TYPE = YES_ERROR;
				GCC_WARN_UNDECLARED_SELECTOR = YES;
				GCC_WARN_UNINITIALIZED_AUTOS = YES_AGGRESSIVE;
				GCC_WARN_UNUSED_FUNCTION = YES;
				GCC_WARN_UNUSED_VARIABLE = YES;
				LOCALIZATION_PREFERS_STRING_CATALOGS = YES;
				MTL_ENABLE_DEBUG_INFO = NO;
				MTL_FAST_MATH = YES;
				SWIFT_COMPILATION_MODE = wholemodule;
			};
			name = Release;
		};
/* End XCBuildConfiguration section */

/* Begin XCConfigurationList section */
		27C11D902DAE083900E755AD /* Build configuration list for PBXProject "BearTube" */ = {
			isa = XCConfigurationList;
			buildConfigurations = (
				27C11E0B2DAE083A00E755AD /* Debug */,
				27C11E0C2DAE083A00E755AD /* Release */,
			);
			defaultConfigurationIsVisible = 0;
			defaultConfigurationName = Release;
		};
		27C11DF72DAE083A00E755AD /* Build configuration list for PBXNativeTarget "BearTube Extension (iOS)" */ = {
			isa = XCConfigurationList;
			buildConfigurations = (
				27C11DF82DAE083A00E755AD /* Debug */,
				27C11DF92DAE083A00E755AD /* Release */,
			);
			defaultConfigurationIsVisible = 0;
			defaultConfigurationName = Release;
		};
		27C11DFC2DAE083A00E755AD /* Build configuration list for PBXNativeTarget "BearTube (iOS)" */ = {
			isa = XCConfigurationList;
			buildConfigurations = (
				27C11DFD2DAE083A00E755AD /* Debug */,
				27C11DFE2DAE083A00E755AD /* Release */,
			);
			defaultConfigurationIsVisible = 0;
			defaultConfigurationName = Release;
		};
		27C11E012DAE083A00E755AD /* Build configuration list for PBXNativeTarget "BearTube Extension (macOS)" */ = {
			isa = XCConfigurationList;
			buildConfigurations = (
				27C11E022DAE083A00E755AD /* Debug */,
				27C11E032DAE083A00E755AD /* Release */,
			);
			defaultConfigurationIsVisible = 0;
			defaultConfigurationName = Release;
		};
		27C11E062DAE083A00E755AD /* Build configuration list for PBXNativeTarget "BearTube (macOS)" */ = {
			isa = XCConfigurationList;
			buildConfigurations = (
				27C11E072DAE083A00E755AD /* Debug */,
				27C11E082DAE083A00E755AD /* Release */,
			);
			defaultConfigurationIsVisible = 0;
			defaultConfigurationName = Release;
		};
/* End XCConfigurationList section */
	};
	rootObject = 27C11D8D2DAE083900E755AD /* Project object */;
}
